// !$*UTF8*$!
{
	archiveVersion = 1;
	classes = {
	};
	objectVersion = 48;
	objects = {

/* Begin PBXBuildFile section */
		0F55AD1620376D0500AAA930 /* AppDelegate.swift in Sources */ = {isa = PBXBuildFile; fileRef = 0F55AD1520376D0500AAA930 /* AppDelegate.swift */; };
		0F55AD1820376D0500AAA930 /* ViewController.swift in Sources */ = {isa = PBXBuildFile; fileRef = 0F55AD1720376D0500AAA930 /* ViewController.swift */; };
		0F55AD1D20376D0500AAA930 /* Assets.xcassets in Resources */ = {isa = PBXBuildFile; fileRef = 0F55AD1C20376D0500AAA930 /* Assets.xcassets */; };
		0F55AD2020376D0500AAA930 /* LaunchScreen.storyboard in Resources */ = {isa = PBXBuildFile; fileRef = 0F55AD1E20376D0500AAA930 /* LaunchScreen.storyboard */; };
		0F55AD2B20376D0500AAA930 /* GetirGoturUITests.swift in Sources */ = {isa = PBXBuildFile; fileRef = 0F55AD2A20376D0500AAA930 /* GetirGoturUITests.swift */; };
		0F55AD4120376F8500AAA930 /* LandingPresenter.swift in Sources */ = {isa = PBXBuildFile; fileRef = 0F55AD3B20376F8500AAA930 /* LandingPresenter.swift */; };
		0F55AD4220376F8500AAA930 /* LandingWorker.swift in Sources */ = {isa = PBXBuildFile; fileRef = 0F55AD3C20376F8500AAA930 /* LandingWorker.swift */; };
		0F55AD4320376F8500AAA930 /* LandingRouter.swift in Sources */ = {isa = PBXBuildFile; fileRef = 0F55AD3D20376F8500AAA930 /* LandingRouter.swift */; };
		0F55AD4420376F8500AAA930 /* LandingModels.swift in Sources */ = {isa = PBXBuildFile; fileRef = 0F55AD3E20376F8500AAA930 /* LandingModels.swift */; };
		0F55AD4520376F8500AAA930 /* LandingViewController.swift in Sources */ = {isa = PBXBuildFile; fileRef = 0F55AD3F20376F8500AAA930 /* LandingViewController.swift */; };
		0F55AD4620376F8500AAA930 /* LandingInteractor.swift in Sources */ = {isa = PBXBuildFile; fileRef = 0F55AD4020376F8500AAA930 /* LandingInteractor.swift */; };
		0F60E5E6203770C50058FC0A /* Globals.swift in Sources */ = {isa = PBXBuildFile; fileRef = 0F60E5E0203770C40058FC0A /* Globals.swift */; };
		0F60E5E9203770C50058FC0A /* Extensions.swift in Sources */ = {isa = PBXBuildFile; fileRef = 0F60E5E5203770C40058FC0A /* Extensions.swift */; };
		0F776E78203968460044306C /* GGDeliveryRequests.swift in Sources */ = {isa = PBXBuildFile; fileRef = 0F776E74203968460044306C /* GGDeliveryRequests.swift */; };
		0F776E79203968460044306C /* GGUsers.swift in Sources */ = {isa = PBXBuildFile; fileRef = 0F776E75203968460044306C /* GGUsers.swift */; };
		0F776E7A203968460044306C /* GGDeliverOptions.swift in Sources */ = {isa = PBXBuildFile; fileRef = 0F776E76203968460044306C /* GGDeliverOptions.swift */; };
		0F776E7B203968460044306C /* GGResponseModel.swift in Sources */ = {isa = PBXBuildFile; fileRef = 0F776E77203968460044306C /* GGResponseModel.swift */; };
		0F776E83203987230044306C /* NotificationsPresenter.swift in Sources */ = {isa = PBXBuildFile; fileRef = 0F776E7D203987230044306C /* NotificationsPresenter.swift */; };
		0F776E84203987230044306C /* NotificationsWorker.swift in Sources */ = {isa = PBXBuildFile; fileRef = 0F776E7E203987230044306C /* NotificationsWorker.swift */; };
		0F776E85203987230044306C /* NotificationsRouter.swift in Sources */ = {isa = PBXBuildFile; fileRef = 0F776E7F203987230044306C /* NotificationsRouter.swift */; };
		0F776E86203987230044306C /* NotificationsModels.swift in Sources */ = {isa = PBXBuildFile; fileRef = 0F776E80203987230044306C /* NotificationsModels.swift */; };
		0F776E87203987230044306C /* NotificationsViewController.swift in Sources */ = {isa = PBXBuildFile; fileRef = 0F776E81203987230044306C /* NotificationsViewController.swift */; };
		0F776E88203987230044306C /* NotificationsInteractor.swift in Sources */ = {isa = PBXBuildFile; fileRef = 0F776E82203987230044306C /* NotificationsInteractor.swift */; };
		0F776E90203988890044306C /* MyOrdersPresenter.swift in Sources */ = {isa = PBXBuildFile; fileRef = 0F776E8A203988890044306C /* MyOrdersPresenter.swift */; };
		0F776E91203988890044306C /* MyOrdersWorker.swift in Sources */ = {isa = PBXBuildFile; fileRef = 0F776E8B203988890044306C /* MyOrdersWorker.swift */; };
		0F776E92203988890044306C /* MyOrdersRouter.swift in Sources */ = {isa = PBXBuildFile; fileRef = 0F776E8C203988890044306C /* MyOrdersRouter.swift */; };
		0F776E93203988890044306C /* MyOrdersModels.swift in Sources */ = {isa = PBXBuildFile; fileRef = 0F776E8D203988890044306C /* MyOrdersModels.swift */; };
		0F776E94203988890044306C /* MyOrdersViewController.swift in Sources */ = {isa = PBXBuildFile; fileRef = 0F776E8E203988890044306C /* MyOrdersViewController.swift */; };
		0F776E95203988890044306C /* MyOrdersInteractor.swift in Sources */ = {isa = PBXBuildFile; fileRef = 0F776E8F203988890044306C /* MyOrdersInteractor.swift */; };
		0FE416D920395C7D00D280DD /* data.json in Resources */ = {isa = PBXBuildFile; fileRef = 0FE416D820395C7C00D280DD /* data.json */; };
		0FE416E220395D2A00D280DD /* DataManager.swift in Sources */ = {isa = PBXBuildFile; fileRef = 0FE416E120395D2A00D280DD /* DataManager.swift */; };
		0FEC8D1D20377A7000F21F8B /* BaseTabBarController.swift in Sources */ = {isa = PBXBuildFile; fileRef = 0FEC8D1C20377A7000F21F8B /* BaseTabBarController.swift */; };
		0FEC8D3320377B5500F21F8B /* OrderPresenter.swift in Sources */ = {isa = PBXBuildFile; fileRef = 0FEC8D2D20377B5500F21F8B /* OrderPresenter.swift */; };
		0FEC8D3420377B5500F21F8B /* OrderWorker.swift in Sources */ = {isa = PBXBuildFile; fileRef = 0FEC8D2E20377B5500F21F8B /* OrderWorker.swift */; };
		0FEC8D3520377B5500F21F8B /* OrderRouter.swift in Sources */ = {isa = PBXBuildFile; fileRef = 0FEC8D2F20377B5500F21F8B /* OrderRouter.swift */; };
		0FEC8D3620377B5500F21F8B /* OrderModels.swift in Sources */ = {isa = PBXBuildFile; fileRef = 0FEC8D3020377B5500F21F8B /* OrderModels.swift */; };
		0FEC8D3720377B5500F21F8B /* OrderViewController.swift in Sources */ = {isa = PBXBuildFile; fileRef = 0FEC8D3120377B5500F21F8B /* OrderViewController.swift */; };
		0FEC8D3820377B5500F21F8B /* OrderInteractor.swift in Sources */ = {isa = PBXBuildFile; fileRef = 0FEC8D3220377B5500F21F8B /* OrderInteractor.swift */; };
		0FEC8D3F20377B8E00F21F8B /* OrderedPresenter.swift in Sources */ = {isa = PBXBuildFile; fileRef = 0FEC8D3920377B8E00F21F8B /* OrderedPresenter.swift */; };
		0FEC8D4020377B8E00F21F8B /* OrderedWorker.swift in Sources */ = {isa = PBXBuildFile; fileRef = 0FEC8D3A20377B8E00F21F8B /* OrderedWorker.swift */; };
		0FEC8D4120377B8E00F21F8B /* OrderedRouter.swift in Sources */ = {isa = PBXBuildFile; fileRef = 0FEC8D3B20377B8E00F21F8B /* OrderedRouter.swift */; };
		0FEC8D4220377B8E00F21F8B /* OrderedModels.swift in Sources */ = {isa = PBXBuildFile; fileRef = 0FEC8D3C20377B8E00F21F8B /* OrderedModels.swift */; };
		0FEC8D4320377B8E00F21F8B /* OrderedViewController.swift in Sources */ = {isa = PBXBuildFile; fileRef = 0FEC8D3D20377B8E00F21F8B /* OrderedViewController.swift */; };
		0FEC8D4420377B8E00F21F8B /* OrderedInteractor.swift in Sources */ = {isa = PBXBuildFile; fileRef = 0FEC8D3E20377B8E00F21F8B /* OrderedInteractor.swift */; };
		0FEC8D462037802300F21F8B /* BaseNavigationController.swift in Sources */ = {isa = PBXBuildFile; fileRef = 0FEC8D452037802300F21F8B /* BaseNavigationController.swift */; };
		0FEC8D4A203781C500F21F8B /* TSTitleView.xib in Resources */ = {isa = PBXBuildFile; fileRef = 0FEC8D48203781C500F21F8B /* TSTitleView.xib */; };
		0FEC8D4B203781C500F21F8B /* TSTitleView.swift in Sources */ = {isa = PBXBuildFile; fileRef = 0FEC8D49203781C500F21F8B /* TSTitleView.swift */; };
		0FEC8D532037996600F21F8B /* ProfilePresenter.swift in Sources */ = {isa = PBXBuildFile; fileRef = 0FEC8D4D2037996600F21F8B /* ProfilePresenter.swift */; };
		0FEC8D542037996600F21F8B /* ProfileWorker.swift in Sources */ = {isa = PBXBuildFile; fileRef = 0FEC8D4E2037996600F21F8B /* ProfileWorker.swift */; };
		0FEC8D552037996600F21F8B /* ProfileRouter.swift in Sources */ = {isa = PBXBuildFile; fileRef = 0FEC8D4F2037996600F21F8B /* ProfileRouter.swift */; };
		0FEC8D562037996600F21F8B /* ProfileModels.swift in Sources */ = {isa = PBXBuildFile; fileRef = 0FEC8D502037996600F21F8B /* ProfileModels.swift */; };
		0FEC8D572037996600F21F8B /* ProfileViewController.swift in Sources */ = {isa = PBXBuildFile; fileRef = 0FEC8D512037996600F21F8B /* ProfileViewController.swift */; };
		0FEC8D582037996600F21F8B /* ProfileInteractor.swift in Sources */ = {isa = PBXBuildFile; fileRef = 0FEC8D522037996600F21F8B /* ProfileInteractor.swift */; };
		0FEC8D6020379ADB00F21F8B /* OrderedDetailPresenter.swift in Sources */ = {isa = PBXBuildFile; fileRef = 0FEC8D5A20379ADB00F21F8B /* OrderedDetailPresenter.swift */; };
		0FEC8D6120379ADB00F21F8B /* OrderedDetailWorker.swift in Sources */ = {isa = PBXBuildFile; fileRef = 0FEC8D5B20379ADB00F21F8B /* OrderedDetailWorker.swift */; };
		0FEC8D6220379ADB00F21F8B /* OrderedDetailRouter.swift in Sources */ = {isa = PBXBuildFile; fileRef = 0FEC8D5C20379ADB00F21F8B /* OrderedDetailRouter.swift */; };
		0FEC8D6320379ADB00F21F8B /* OrderedDetailModels.swift in Sources */ = {isa = PBXBuildFile; fileRef = 0FEC8D5D20379ADB00F21F8B /* OrderedDetailModels.swift */; };
		0FEC8D6420379ADB00F21F8B /* OrderedDetailViewController.swift in Sources */ = {isa = PBXBuildFile; fileRef = 0FEC8D5E20379ADB00F21F8B /* OrderedDetailViewController.swift */; };
		0FEC8D6520379ADB00F21F8B /* OrderedDetailInteractor.swift in Sources */ = {isa = PBXBuildFile; fileRef = 0FEC8D5F20379ADB00F21F8B /* OrderedDetailInteractor.swift */; };
		0FEC8D6D20379B1100F21F8B /* OrderDetailPresenter.swift in Sources */ = {isa = PBXBuildFile; fileRef = 0FEC8D6720379B1100F21F8B /* OrderDetailPresenter.swift */; };
		0FEC8D6E20379B1100F21F8B /* OrderDetailWorker.swift in Sources */ = {isa = PBXBuildFile; fileRef = 0FEC8D6820379B1100F21F8B /* OrderDetailWorker.swift */; };
		0FEC8D6F20379B1100F21F8B /* OrderDetailRouter.swift in Sources */ = {isa = PBXBuildFile; fileRef = 0FEC8D6920379B1100F21F8B /* OrderDetailRouter.swift */; };
		0FEC8D7020379B1100F21F8B /* OrderDetailModels.swift in Sources */ = {isa = PBXBuildFile; fileRef = 0FEC8D6A20379B1100F21F8B /* OrderDetailModels.swift */; };
		0FEC8D7120379B1100F21F8B /* OrderDetailViewController.swift in Sources */ = {isa = PBXBuildFile; fileRef = 0FEC8D6B20379B1100F21F8B /* OrderDetailViewController.swift */; };
		0FEC8D7220379B1100F21F8B /* OrderDetailInteractor.swift in Sources */ = {isa = PBXBuildFile; fileRef = 0FEC8D6C20379B1100F21F8B /* OrderDetailInteractor.swift */; };
		0FF8966C20377112008FAA26 /* Main.storyboard in Resources */ = {isa = PBXBuildFile; fileRef = 0FF8966B20377112008FAA26 /* Main.storyboard */; };
		0FF8967020377491008FAA26 /* AppManager.swift in Sources */ = {isa = PBXBuildFile; fileRef = 0FF8966F20377491008FAA26 /* AppManager.swift */; };
		0FF89673203774F6008FAA26 /* Common.swift in Sources */ = {isa = PBXBuildFile; fileRef = 0FF89672203774F6008FAA26 /* Common.swift */; };
		0FF8967B203775DB008FAA26 /* PickerPresenter.swift in Sources */ = {isa = PBXBuildFile; fileRef = 0FF89675203775DB008FAA26 /* PickerPresenter.swift */; };
		0FF8967C203775DB008FAA26 /* PickerWorker.swift in Sources */ = {isa = PBXBuildFile; fileRef = 0FF89676203775DB008FAA26 /* PickerWorker.swift */; };
		0FF8967D203775DB008FAA26 /* PickerRouter.swift in Sources */ = {isa = PBXBuildFile; fileRef = 0FF89677203775DB008FAA26 /* PickerRouter.swift */; };
		0FF8967E203775DB008FAA26 /* PickerModels.swift in Sources */ = {isa = PBXBuildFile; fileRef = 0FF89678203775DB008FAA26 /* PickerModels.swift */; };
		0FF8967F203775DB008FAA26 /* PickerViewController.swift in Sources */ = {isa = PBXBuildFile; fileRef = 0FF89679203775DB008FAA26 /* PickerViewController.swift */; };
		0FF89680203775DB008FAA26 /* PickerInteractor.swift in Sources */ = {isa = PBXBuildFile; fileRef = 0FF8967A203775DB008FAA26 /* PickerInteractor.swift */; };
		0FF89688203775F3008FAA26 /* CarrierPresenter.swift in Sources */ = {isa = PBXBuildFile; fileRef = 0FF89682203775F3008FAA26 /* CarrierPresenter.swift */; };
		0FF89689203775F3008FAA26 /* CarrierWorker.swift in Sources */ = {isa = PBXBuildFile; fileRef = 0FF89683203775F3008FAA26 /* CarrierWorker.swift */; };
		0FF8968A203775F3008FAA26 /* CarrierRouter.swift in Sources */ = {isa = PBXBuildFile; fileRef = 0FF89684203775F3008FAA26 /* CarrierRouter.swift */; };
		0FF8968B203775F3008FAA26 /* CarrierModels.swift in Sources */ = {isa = PBXBuildFile; fileRef = 0FF89685203775F3008FAA26 /* CarrierModels.swift */; };
		0FF8968C203775F3008FAA26 /* CarrierViewController.swift in Sources */ = {isa = PBXBuildFile; fileRef = 0FF89686203775F3008FAA26 /* CarrierViewController.swift */; };
		0FF8968D203775F3008FAA26 /* CarrierInteractor.swift in Sources */ = {isa = PBXBuildFile; fileRef = 0FF89687203775F3008FAA26 /* CarrierInteractor.swift */; };
		0FF8968F20377703008FAA26 /* BaseViewController.swift in Sources */ = {isa = PBXBuildFile; fileRef = 0FF8968E20377703008FAA26 /* BaseViewController.swift */; };
		0FF8969320377722008FAA26 /* LoadingView.xib in Resources */ = {isa = PBXBuildFile; fileRef = 0FF8969120377722008FAA26 /* LoadingView.xib */; };
		0FF8969420377722008FAA26 /* LoadingView.swift in Sources */ = {isa = PBXBuildFile; fileRef = 0FF8969220377722008FAA26 /* LoadingView.swift */; };
		0FFEF99A2037A1F900B5A4D5 /* readme in Resources */ = {isa = PBXBuildFile; fileRef = 0FFEF9992037A1F900B5A4D5 /* readme */; };
		0FFEF99D2037AA1A00B5A4D5 /* AppAPI.swift in Sources */ = {isa = PBXBuildFile; fileRef = 0FFEF99C2037AA1A00B5A4D5 /* AppAPI.swift */; };
		0FFEF99F2037AABB00B5A4D5 /* NetworkProvider.swift in Sources */ = {isa = PBXBuildFile; fileRef = 0FFEF99E2037AABB00B5A4D5 /* NetworkProvider.swift */; };
		9BE565C483465089BB27156E /* Pods_GetirGotur.framework in Frameworks */ = {isa = PBXBuildFile; fileRef = 435BFF81856C21488732AA32 /* Pods_GetirGotur.framework */; };
		B4220306F57E1F9E2F19E089 /* Pods_GetirGoturUITests.framework in Frameworks */ = {isa = PBXBuildFile; fileRef = 6BBE2E43B1C3FCB945C63AC1 /* Pods_GetirGoturUITests.framework */; };
/* End PBXBuildFile section */

/* Begin PBXContainerItemProxy section */
		0F55AD2720376D0500AAA930 /* PBXContainerItemProxy */ = {
			isa = PBXContainerItemProxy;
			containerPortal = 0F55AD0A20376D0500AAA930 /* Project object */;
			proxyType = 1;
			remoteGlobalIDString = 0F55AD1120376D0500AAA930;
			remoteInfo = GetirGotur;
		};
/* End PBXContainerItemProxy section */

/* Begin PBXFileReference section */
		0CF08FC15DF7A82D4663EF6B /* Pods-GetirGoturUITests.release.xcconfig */ = {isa = PBXFileReference; includeInIndex = 1; lastKnownFileType = text.xcconfig; name = "Pods-GetirGoturUITests.release.xcconfig"; path = "Pods/Target Support Files/Pods-GetirGoturUITests/Pods-GetirGoturUITests.release.xcconfig"; sourceTree = "<group>"; };
		0F55AD1220376D0500AAA930 /* GetirGotur.app */ = {isa = PBXFileReference; explicitFileType = wrapper.application; includeInIndex = 0; path = GetirGotur.app; sourceTree = BUILT_PRODUCTS_DIR; };
		0F55AD1520376D0500AAA930 /* AppDelegate.swift */ = {isa = PBXFileReference; lastKnownFileType = sourcecode.swift; path = AppDelegate.swift; sourceTree = "<group>"; };
		0F55AD1720376D0500AAA930 /* ViewController.swift */ = {isa = PBXFileReference; lastKnownFileType = sourcecode.swift; path = ViewController.swift; sourceTree = "<group>"; };
		0F55AD1C20376D0500AAA930 /* Assets.xcassets */ = {isa = PBXFileReference; lastKnownFileType = folder.assetcatalog; path = Assets.xcassets; sourceTree = "<group>"; };
		0F55AD1F20376D0500AAA930 /* Base */ = {isa = PBXFileReference; lastKnownFileType = file.storyboard; name = Base; path = Base.lproj/LaunchScreen.storyboard; sourceTree = "<group>"; };
		0F55AD2120376D0500AAA930 /* Info.plist */ = {isa = PBXFileReference; lastKnownFileType = text.plist.xml; path = Info.plist; sourceTree = "<group>"; };
		0F55AD2620376D0500AAA930 /* GetirGoturUITests.xctest */ = {isa = PBXFileReference; explicitFileType = wrapper.cfbundle; includeInIndex = 0; path = GetirGoturUITests.xctest; sourceTree = BUILT_PRODUCTS_DIR; };
		0F55AD2A20376D0500AAA930 /* GetirGoturUITests.swift */ = {isa = PBXFileReference; lastKnownFileType = sourcecode.swift; path = GetirGoturUITests.swift; sourceTree = "<group>"; };
		0F55AD2C20376D0500AAA930 /* Info.plist */ = {isa = PBXFileReference; lastKnownFileType = text.plist.xml; path = Info.plist; sourceTree = "<group>"; };
		0F55AD3B20376F8500AAA930 /* LandingPresenter.swift */ = {isa = PBXFileReference; lastKnownFileType = sourcecode.swift; path = LandingPresenter.swift; sourceTree = "<group>"; };
		0F55AD3C20376F8500AAA930 /* LandingWorker.swift */ = {isa = PBXFileReference; lastKnownFileType = sourcecode.swift; path = LandingWorker.swift; sourceTree = "<group>"; };
		0F55AD3D20376F8500AAA930 /* LandingRouter.swift */ = {isa = PBXFileReference; lastKnownFileType = sourcecode.swift; path = LandingRouter.swift; sourceTree = "<group>"; };
		0F55AD3E20376F8500AAA930 /* LandingModels.swift */ = {isa = PBXFileReference; lastKnownFileType = sourcecode.swift; path = LandingModels.swift; sourceTree = "<group>"; };
		0F55AD3F20376F8500AAA930 /* LandingViewController.swift */ = {isa = PBXFileReference; lastKnownFileType = sourcecode.swift; path = LandingViewController.swift; sourceTree = "<group>"; };
		0F55AD4020376F8500AAA930 /* LandingInteractor.swift */ = {isa = PBXFileReference; lastKnownFileType = sourcecode.swift; path = LandingInteractor.swift; sourceTree = "<group>"; };
		0F60E5E0203770C40058FC0A /* Globals.swift */ = {isa = PBXFileReference; fileEncoding = 4; lastKnownFileType = sourcecode.swift; path = Globals.swift; sourceTree = "<group>"; };
		0F60E5E5203770C40058FC0A /* Extensions.swift */ = {isa = PBXFileReference; fileEncoding = 4; lastKnownFileType = sourcecode.swift; path = Extensions.swift; sourceTree = "<group>"; };
		0F776E74203968460044306C /* GGDeliveryRequests.swift */ = {isa = PBXFileReference; fileEncoding = 4; lastKnownFileType = sourcecode.swift; path = GGDeliveryRequests.swift; sourceTree = "<group>"; };
		0F776E75203968460044306C /* GGUsers.swift */ = {isa = PBXFileReference; fileEncoding = 4; lastKnownFileType = sourcecode.swift; path = GGUsers.swift; sourceTree = "<group>"; };
		0F776E76203968460044306C /* GGDeliverOptions.swift */ = {isa = PBXFileReference; fileEncoding = 4; lastKnownFileType = sourcecode.swift; path = GGDeliverOptions.swift; sourceTree = "<group>"; };
		0F776E77203968460044306C /* GGResponseModel.swift */ = {isa = PBXFileReference; fileEncoding = 4; lastKnownFileType = sourcecode.swift; path = GGResponseModel.swift; sourceTree = "<group>"; };
		0F776E7D203987230044306C /* NotificationsPresenter.swift */ = {isa = PBXFileReference; lastKnownFileType = sourcecode.swift; path = NotificationsPresenter.swift; sourceTree = "<group>"; };
		0F776E7E203987230044306C /* NotificationsWorker.swift */ = {isa = PBXFileReference; lastKnownFileType = sourcecode.swift; path = NotificationsWorker.swift; sourceTree = "<group>"; };
		0F776E7F203987230044306C /* NotificationsRouter.swift */ = {isa = PBXFileReference; lastKnownFileType = sourcecode.swift; path = NotificationsRouter.swift; sourceTree = "<group>"; };
		0F776E80203987230044306C /* NotificationsModels.swift */ = {isa = PBXFileReference; lastKnownFileType = sourcecode.swift; path = NotificationsModels.swift; sourceTree = "<group>"; };
		0F776E81203987230044306C /* NotificationsViewController.swift */ = {isa = PBXFileReference; lastKnownFileType = sourcecode.swift; path = NotificationsViewController.swift; sourceTree = "<group>"; };
		0F776E82203987230044306C /* NotificationsInteractor.swift */ = {isa = PBXFileReference; lastKnownFileType = sourcecode.swift; path = NotificationsInteractor.swift; sourceTree = "<group>"; };
		0F776E8A203988890044306C /* MyOrdersPresenter.swift */ = {isa = PBXFileReference; lastKnownFileType = sourcecode.swift; path = MyOrdersPresenter.swift; sourceTree = "<group>"; };
		0F776E8B203988890044306C /* MyOrdersWorker.swift */ = {isa = PBXFileReference; lastKnownFileType = sourcecode.swift; path = MyOrdersWorker.swift; sourceTree = "<group>"; };
		0F776E8C203988890044306C /* MyOrdersRouter.swift */ = {isa = PBXFileReference; lastKnownFileType = sourcecode.swift; path = MyOrdersRouter.swift; sourceTree = "<group>"; };
		0F776E8D203988890044306C /* MyOrdersModels.swift */ = {isa = PBXFileReference; lastKnownFileType = sourcecode.swift; path = MyOrdersModels.swift; sourceTree = "<group>"; };
		0F776E8E203988890044306C /* MyOrdersViewController.swift */ = {isa = PBXFileReference; lastKnownFileType = sourcecode.swift; path = MyOrdersViewController.swift; sourceTree = "<group>"; };
		0F776E8F203988890044306C /* MyOrdersInteractor.swift */ = {isa = PBXFileReference; lastKnownFileType = sourcecode.swift; path = MyOrdersInteractor.swift; sourceTree = "<group>"; };
		0FE416D820395C7C00D280DD /* data.json */ = {isa = PBXFileReference; fileEncoding = 4; lastKnownFileType = text.json; path = data.json; sourceTree = "<group>"; };
		0FE416E120395D2A00D280DD /* DataManager.swift */ = {isa = PBXFileReference; lastKnownFileType = sourcecode.swift; path = DataManager.swift; sourceTree = "<group>"; };
		0FEC8D1C20377A7000F21F8B /* BaseTabBarController.swift */ = {isa = PBXFileReference; lastKnownFileType = sourcecode.swift; path = BaseTabBarController.swift; sourceTree = "<group>"; };
		0FEC8D2D20377B5500F21F8B /* OrderPresenter.swift */ = {isa = PBXFileReference; lastKnownFileType = sourcecode.swift; path = OrderPresenter.swift; sourceTree = "<group>"; };
		0FEC8D2E20377B5500F21F8B /* OrderWorker.swift */ = {isa = PBXFileReference; lastKnownFileType = sourcecode.swift; path = OrderWorker.swift; sourceTree = "<group>"; };
		0FEC8D2F20377B5500F21F8B /* OrderRouter.swift */ = {isa = PBXFileReference; lastKnownFileType = sourcecode.swift; path = OrderRouter.swift; sourceTree = "<group>"; };
		0FEC8D3020377B5500F21F8B /* OrderModels.swift */ = {isa = PBXFileReference; lastKnownFileType = sourcecode.swift; path = OrderModels.swift; sourceTree = "<group>"; };
		0FEC8D3120377B5500F21F8B /* OrderViewController.swift */ = {isa = PBXFileReference; lastKnownFileType = sourcecode.swift; path = OrderViewController.swift; sourceTree = "<group>"; };
		0FEC8D3220377B5500F21F8B /* OrderInteractor.swift */ = {isa = PBXFileReference; lastKnownFileType = sourcecode.swift; path = OrderInteractor.swift; sourceTree = "<group>"; };
		0FEC8D3920377B8E00F21F8B /* OrderedPresenter.swift */ = {isa = PBXFileReference; lastKnownFileType = sourcecode.swift; path = OrderedPresenter.swift; sourceTree = "<group>"; };
		0FEC8D3A20377B8E00F21F8B /* OrderedWorker.swift */ = {isa = PBXFileReference; lastKnownFileType = sourcecode.swift; path = OrderedWorker.swift; sourceTree = "<group>"; };
		0FEC8D3B20377B8E00F21F8B /* OrderedRouter.swift */ = {isa = PBXFileReference; lastKnownFileType = sourcecode.swift; path = OrderedRouter.swift; sourceTree = "<group>"; };
		0FEC8D3C20377B8E00F21F8B /* OrderedModels.swift */ = {isa = PBXFileReference; lastKnownFileType = sourcecode.swift; path = OrderedModels.swift; sourceTree = "<group>"; };
		0FEC8D3D20377B8E00F21F8B /* OrderedViewController.swift */ = {isa = PBXFileReference; lastKnownFileType = sourcecode.swift; path = OrderedViewController.swift; sourceTree = "<group>"; };
		0FEC8D3E20377B8E00F21F8B /* OrderedInteractor.swift */ = {isa = PBXFileReference; lastKnownFileType = sourcecode.swift; path = OrderedInteractor.swift; sourceTree = "<group>"; };
		0FEC8D452037802300F21F8B /* BaseNavigationController.swift */ = {isa = PBXFileReference; lastKnownFileType = sourcecode.swift; path = BaseNavigationController.swift; sourceTree = "<group>"; };
		0FEC8D48203781C500F21F8B /* TSTitleView.xib */ = {isa = PBXFileReference; fileEncoding = 4; lastKnownFileType = file.xib; path = TSTitleView.xib; sourceTree = "<group>"; };
		0FEC8D49203781C500F21F8B /* TSTitleView.swift */ = {isa = PBXFileReference; fileEncoding = 4; lastKnownFileType = sourcecode.swift; path = TSTitleView.swift; sourceTree = "<group>"; };
		0FEC8D4D2037996600F21F8B /* ProfilePresenter.swift */ = {isa = PBXFileReference; lastKnownFileType = sourcecode.swift; path = ProfilePresenter.swift; sourceTree = "<group>"; };
		0FEC8D4E2037996600F21F8B /* ProfileWorker.swift */ = {isa = PBXFileReference; lastKnownFileType = sourcecode.swift; path = ProfileWorker.swift; sourceTree = "<group>"; };
		0FEC8D4F2037996600F21F8B /* ProfileRouter.swift */ = {isa = PBXFileReference; lastKnownFileType = sourcecode.swift; path = ProfileRouter.swift; sourceTree = "<group>"; };
		0FEC8D502037996600F21F8B /* ProfileModels.swift */ = {isa = PBXFileReference; lastKnownFileType = sourcecode.swift; path = ProfileModels.swift; sourceTree = "<group>"; };
		0FEC8D512037996600F21F8B /* ProfileViewController.swift */ = {isa = PBXFileReference; lastKnownFileType = sourcecode.swift; path = ProfileViewController.swift; sourceTree = "<group>"; };
		0FEC8D522037996600F21F8B /* ProfileInteractor.swift */ = {isa = PBXFileReference; lastKnownFileType = sourcecode.swift; path = ProfileInteractor.swift; sourceTree = "<group>"; };
		0FEC8D5A20379ADB00F21F8B /* OrderedDetailPresenter.swift */ = {isa = PBXFileReference; lastKnownFileType = sourcecode.swift; path = OrderedDetailPresenter.swift; sourceTree = "<group>"; };
		0FEC8D5B20379ADB00F21F8B /* OrderedDetailWorker.swift */ = {isa = PBXFileReference; lastKnownFileType = sourcecode.swift; path = OrderedDetailWorker.swift; sourceTree = "<group>"; };
		0FEC8D5C20379ADB00F21F8B /* OrderedDetailRouter.swift */ = {isa = PBXFileReference; lastKnownFileType = sourcecode.swift; path = OrderedDetailRouter.swift; sourceTree = "<group>"; };
		0FEC8D5D20379ADB00F21F8B /* OrderedDetailModels.swift */ = {isa = PBXFileReference; lastKnownFileType = sourcecode.swift; path = OrderedDetailModels.swift; sourceTree = "<group>"; };
		0FEC8D5E20379ADB00F21F8B /* OrderedDetailViewController.swift */ = {isa = PBXFileReference; lastKnownFileType = sourcecode.swift; path = OrderedDetailViewController.swift; sourceTree = "<group>"; };
		0FEC8D5F20379ADB00F21F8B /* OrderedDetailInteractor.swift */ = {isa = PBXFileReference; lastKnownFileType = sourcecode.swift; path = OrderedDetailInteractor.swift; sourceTree = "<group>"; };
		0FEC8D6720379B1100F21F8B /* OrderDetailPresenter.swift */ = {isa = PBXFileReference; lastKnownFileType = sourcecode.swift; path = OrderDetailPresenter.swift; sourceTree = "<group>"; };
		0FEC8D6820379B1100F21F8B /* OrderDetailWorker.swift */ = {isa = PBXFileReference; lastKnownFileType = sourcecode.swift; path = OrderDetailWorker.swift; sourceTree = "<group>"; };
		0FEC8D6920379B1100F21F8B /* OrderDetailRouter.swift */ = {isa = PBXFileReference; lastKnownFileType = sourcecode.swift; path = OrderDetailRouter.swift; sourceTree = "<group>"; };
		0FEC8D6A20379B1100F21F8B /* OrderDetailModels.swift */ = {isa = PBXFileReference; lastKnownFileType = sourcecode.swift; path = OrderDetailModels.swift; sourceTree = "<group>"; };
		0FEC8D6B20379B1100F21F8B /* OrderDetailViewController.swift */ = {isa = PBXFileReference; lastKnownFileType = sourcecode.swift; path = OrderDetailViewController.swift; sourceTree = "<group>"; };
		0FEC8D6C20379B1100F21F8B /* OrderDetailInteractor.swift */ = {isa = PBXFileReference; lastKnownFileType = sourcecode.swift; path = OrderDetailInteractor.swift; sourceTree = "<group>"; };
		0FF8966B20377112008FAA26 /* Main.storyboard */ = {isa = PBXFileReference; lastKnownFileType = file.storyboard; path = Main.storyboard; sourceTree = "<group>"; };
		0FF8966F20377491008FAA26 /* AppManager.swift */ = {isa = PBXFileReference; lastKnownFileType = sourcecode.swift; path = AppManager.swift; sourceTree = "<group>"; };
		0FF89672203774F6008FAA26 /* Common.swift */ = {isa = PBXFileReference; lastKnownFileType = sourcecode.swift; path = Common.swift; sourceTree = "<group>"; };
		0FF89675203775DB008FAA26 /* PickerPresenter.swift */ = {isa = PBXFileReference; lastKnownFileType = sourcecode.swift; path = PickerPresenter.swift; sourceTree = "<group>"; };
		0FF89676203775DB008FAA26 /* PickerWorker.swift */ = {isa = PBXFileReference; lastKnownFileType = sourcecode.swift; path = PickerWorker.swift; sourceTree = "<group>"; };
		0FF89677203775DB008FAA26 /* PickerRouter.swift */ = {isa = PBXFileReference; lastKnownFileType = sourcecode.swift; path = PickerRouter.swift; sourceTree = "<group>"; };
		0FF89678203775DB008FAA26 /* PickerModels.swift */ = {isa = PBXFileReference; lastKnownFileType = sourcecode.swift; path = PickerModels.swift; sourceTree = "<group>"; };
		0FF89679203775DB008FAA26 /* PickerViewController.swift */ = {isa = PBXFileReference; lastKnownFileType = sourcecode.swift; path = PickerViewController.swift; sourceTree = "<group>"; };
		0FF8967A203775DB008FAA26 /* PickerInteractor.swift */ = {isa = PBXFileReference; lastKnownFileType = sourcecode.swift; path = PickerInteractor.swift; sourceTree = "<group>"; };
		0FF89682203775F3008FAA26 /* CarrierPresenter.swift */ = {isa = PBXFileReference; lastKnownFileType = sourcecode.swift; path = CarrierPresenter.swift; sourceTree = "<group>"; };
		0FF89683203775F3008FAA26 /* CarrierWorker.swift */ = {isa = PBXFileReference; lastKnownFileType = sourcecode.swift; path = CarrierWorker.swift; sourceTree = "<group>"; };
		0FF89684203775F3008FAA26 /* CarrierRouter.swift */ = {isa = PBXFileReference; lastKnownFileType = sourcecode.swift; path = CarrierRouter.swift; sourceTree = "<group>"; };
		0FF89685203775F3008FAA26 /* CarrierModels.swift */ = {isa = PBXFileReference; lastKnownFileType = sourcecode.swift; path = CarrierModels.swift; sourceTree = "<group>"; };
		0FF89686203775F3008FAA26 /* CarrierViewController.swift */ = {isa = PBXFileReference; lastKnownFileType = sourcecode.swift; path = CarrierViewController.swift; sourceTree = "<group>"; };
		0FF89687203775F3008FAA26 /* CarrierInteractor.swift */ = {isa = PBXFileReference; lastKnownFileType = sourcecode.swift; path = CarrierInteractor.swift; sourceTree = "<group>"; };
		0FF8968E20377703008FAA26 /* BaseViewController.swift */ = {isa = PBXFileReference; lastKnownFileType = sourcecode.swift; path = BaseViewController.swift; sourceTree = "<group>"; };
		0FF8969120377722008FAA26 /* LoadingView.xib */ = {isa = PBXFileReference; fileEncoding = 4; lastKnownFileType = file.xib; path = LoadingView.xib; sourceTree = "<group>"; };
		0FF8969220377722008FAA26 /* LoadingView.swift */ = {isa = PBXFileReference; fileEncoding = 4; lastKnownFileType = sourcecode.swift; path = LoadingView.swift; sourceTree = "<group>"; };
		0FFEF9992037A1F900B5A4D5 /* readme */ = {isa = PBXFileReference; lastKnownFileType = text; path = readme; sourceTree = "<group>"; };
		0FFEF99C2037AA1A00B5A4D5 /* AppAPI.swift */ = {isa = PBXFileReference; lastKnownFileType = sourcecode.swift; path = AppAPI.swift; sourceTree = "<group>"; };
		0FFEF99E2037AABB00B5A4D5 /* NetworkProvider.swift */ = {isa = PBXFileReference; lastKnownFileType = sourcecode.swift; path = NetworkProvider.swift; sourceTree = "<group>"; };
		20D95A1CFE2FB915A713E8B8 /* Pods-GetirGotur.debug.xcconfig */ = {isa = PBXFileReference; includeInIndex = 1; lastKnownFileType = text.xcconfig; name = "Pods-GetirGotur.debug.xcconfig"; path = "Pods/Target Support Files/Pods-GetirGotur/Pods-GetirGotur.debug.xcconfig"; sourceTree = "<group>"; };
		21B2887B259089F2FDBE8452 /* Pods-GetirGotur.release.xcconfig */ = {isa = PBXFileReference; includeInIndex = 1; lastKnownFileType = text.xcconfig; name = "Pods-GetirGotur.release.xcconfig"; path = "Pods/Target Support Files/Pods-GetirGotur/Pods-GetirGotur.release.xcconfig"; sourceTree = "<group>"; };
		435BFF81856C21488732AA32 /* Pods_GetirGotur.framework */ = {isa = PBXFileReference; explicitFileType = wrapper.framework; includeInIndex = 0; path = Pods_GetirGotur.framework; sourceTree = BUILT_PRODUCTS_DIR; };
		474F832BCA23D37A396293D1 /* Pods-GetirGoturUITests.debug.xcconfig */ = {isa = PBXFileReference; includeInIndex = 1; lastKnownFileType = text.xcconfig; name = "Pods-GetirGoturUITests.debug.xcconfig"; path = "Pods/Target Support Files/Pods-GetirGoturUITests/Pods-GetirGoturUITests.debug.xcconfig"; sourceTree = "<group>"; };
		6BBE2E43B1C3FCB945C63AC1 /* Pods_GetirGoturUITests.framework */ = {isa = PBXFileReference; explicitFileType = wrapper.framework; includeInIndex = 0; path = Pods_GetirGoturUITests.framework; sourceTree = BUILT_PRODUCTS_DIR; };
/* End PBXFileReference section */

/* Begin PBXFrameworksBuildPhase section */
		0F55AD0F20376D0500AAA930 /* Frameworks */ = {
			isa = PBXFrameworksBuildPhase;
			buildActionMask = 2147483647;
			files = (
				9BE565C483465089BB27156E /* Pods_GetirGotur.framework in Frameworks */,
			);
			runOnlyForDeploymentPostprocessing = 0;
		};
		0F55AD2320376D0500AAA930 /* Frameworks */ = {
			isa = PBXFrameworksBuildPhase;
			buildActionMask = 2147483647;
			files = (
				B4220306F57E1F9E2F19E089 /* Pods_GetirGoturUITests.framework in Frameworks */,
			);
			runOnlyForDeploymentPostprocessing = 0;
		};
/* End PBXFrameworksBuildPhase section */

/* Begin PBXGroup section */
		0F55AD0920376D0500AAA930 = {
			isa = PBXGroup;
			children = (
				0FFEF9992037A1F900B5A4D5 /* readme */,
				0FE416D820395C7C00D280DD /* data.json */,
				0F55AD1420376D0500AAA930 /* GetirGotur */,
				0F55AD2920376D0500AAA930 /* GetirGoturUITests */,
				0F55AD1320376D0500AAA930 /* Products */,
				B0CE35FB3CF708CBED182A8F /* Pods */,
				181969B29F496ABFEE6E8694 /* Frameworks */,
			);
			sourceTree = "<group>";
		};
		0F55AD1320376D0500AAA930 /* Products */ = {
			isa = PBXGroup;
			children = (
				0F55AD1220376D0500AAA930 /* GetirGotur.app */,
				0F55AD2620376D0500AAA930 /* GetirGoturUITests.xctest */,
			);
			name = Products;
			sourceTree = "<group>";
		};
		0F55AD1420376D0500AAA930 /* GetirGotur */ = {
			isa = PBXGroup;
			children = (
				0F55AD3520376D1000AAA930 /* App */,
				0FF8966D20377477008FAA26 /* Managers */,
				0FFEF99B2037A9DA00B5A4D5 /* Network */,
				0F60E5DF203770A50058FC0A /* Utilities */,
				0F55AD1520376D0500AAA930 /* AppDelegate.swift */,
				0F55AD1720376D0500AAA930 /* ViewController.swift */,
				0F55AD1C20376D0500AAA930 /* Assets.xcassets */,
				0F55AD1E20376D0500AAA930 /* LaunchScreen.storyboard */,
				0F55AD2120376D0500AAA930 /* Info.plist */,
			);
			path = GetirGotur;
			sourceTree = "<group>";
		};
		0F55AD2920376D0500AAA930 /* GetirGoturUITests */ = {
			isa = PBXGroup;
			children = (
				0F55AD2A20376D0500AAA930 /* GetirGoturUITests.swift */,
				0F55AD2C20376D0500AAA930 /* Info.plist */,
			);
			path = GetirGoturUITests;
			sourceTree = "<group>";
		};
		0F55AD3520376D1000AAA930 /* App */ = {
			isa = PBXGroup;
			children = (
				0F55AD3620376F2000AAA930 /* Storyboards */,
				0F55AD3720376F2500AAA930 /* Controllers */,
			);
			path = App;
			sourceTree = "<group>";
		};
		0F55AD3620376F2000AAA930 /* Storyboards */ = {
			isa = PBXGroup;
			children = (
				0FF8966B20377112008FAA26 /* Main.storyboard */,
			);
			path = Storyboards;
			sourceTree = "<group>";
		};
		0F55AD3720376F2500AAA930 /* Controllers */ = {
			isa = PBXGroup;
			children = (
				0F55AD3920376F5E00AAA930 /* Base */,
				0F55AD3820376F5800AAA930 /* App Start */,
				0FEC8D1E20377B0F00F21F8B /* Dashboard */,
			);
			path = Controllers;
			sourceTree = "<group>";
		};
		0F55AD3820376F5800AAA930 /* App Start */ = {
			isa = PBXGroup;
			children = (
				0FF89681203775E5008FAA26 /* Carrier */,
				0F55AD3A20376F7300AAA930 /* Landing */,
				0FF89674203775CE008FAA26 /* Picker */,
			);
			path = "App Start";
			sourceTree = "<group>";
		};
		0F55AD3920376F5E00AAA930 /* Base */ = {
			isa = PBXGroup;
			children = (
				0FF8968E20377703008FAA26 /* BaseViewController.swift */,
				0FEC8D1C20377A7000F21F8B /* BaseTabBarController.swift */,
				0FEC8D452037802300F21F8B /* BaseNavigationController.swift */,
			);
			path = Base;
			sourceTree = "<group>";
		};
		0F55AD3A20376F7300AAA930 /* Landing */ = {
			isa = PBXGroup;
			children = (
				0F55AD3B20376F8500AAA930 /* LandingPresenter.swift */,
				0F55AD3C20376F8500AAA930 /* LandingWorker.swift */,
				0F55AD3D20376F8500AAA930 /* LandingRouter.swift */,
				0F55AD3E20376F8500AAA930 /* LandingModels.swift */,
				0F55AD3F20376F8500AAA930 /* LandingViewController.swift */,
				0F55AD4020376F8500AAA930 /* LandingInteractor.swift */,
			);
			path = Landing;
			sourceTree = "<group>";
		};
		0F60E5DF203770A50058FC0A /* Utilities */ = {
			isa = PBXGroup;
			children = (
				0FEC8D47203781C500F21F8B /* TSTitleView */,
				0FF8969020377722008FAA26 /* LoadingView */,
				0FF89671203774E3008FAA26 /* BaseModels */,
				0F60E5E5203770C40058FC0A /* Extensions.swift */,
				0F60E5E0203770C40058FC0A /* Globals.swift */,
			);
			path = Utilities;
			sourceTree = "<group>";
		};
		0F776E7C203987110044306C /* Notifications */ = {
			isa = PBXGroup;
			children = (
				0F776E7D203987230044306C /* NotificationsPresenter.swift */,
				0F776E7E203987230044306C /* NotificationsWorker.swift */,
				0F776E7F203987230044306C /* NotificationsRouter.swift */,
				0F776E80203987230044306C /* NotificationsModels.swift */,
				0F776E81203987230044306C /* NotificationsViewController.swift */,
				0F776E82203987230044306C /* NotificationsInteractor.swift */,
			);
			path = Notifications;
			sourceTree = "<group>";
		};
		0F776E89203988760044306C /* My Orders */ = {
			isa = PBXGroup;
			children = (
				0F776E8A203988890044306C /* MyOrdersPresenter.swift */,
				0F776E8B203988890044306C /* MyOrdersWorker.swift */,
				0F776E8C203988890044306C /* MyOrdersRouter.swift */,
				0F776E8D203988890044306C /* MyOrdersModels.swift */,
				0F776E8E203988890044306C /* MyOrdersViewController.swift */,
				0F776E8F203988890044306C /* MyOrdersInteractor.swift */,
			);
			path = "My Orders";
			sourceTree = "<group>";
		};
		0FE416D52039581A00D280DD /* Response Models */ = {
			isa = PBXGroup;
			children = (
				0F776E76203968460044306C /* GGDeliverOptions.swift */,
				0F776E74203968460044306C /* GGDeliveryRequests.swift */,
				0F776E77203968460044306C /* GGResponseModel.swift */,
				0F776E75203968460044306C /* GGUsers.swift */,
			);
			path = "Response Models";
			sourceTree = "<group>";
		};
		0FE416E020395D1200D280DD /* Data Manager */ = {
			isa = PBXGroup;
			children = (
				0FE416E120395D2A00D280DD /* DataManager.swift */,
			);
			path = "Data Manager";
			sourceTree = "<group>";
		};
		0FEC8D1E20377B0F00F21F8B /* Dashboard */ = {
			isa = PBXGroup;
			children = (
				0F776E89203988760044306C /* My Orders */,
				0F776E7C203987110044306C /* Notifications */,
				0FEC8D4C2037995800F21F8B /* Profile */,
				0FEC8D1F20377B2600F21F8B /* Ordered */,
				0FEC8D2C20377B3800F21F8B /* Order */,
			);
			path = Dashboard;
			sourceTree = "<group>";
		};
		0FEC8D1F20377B2600F21F8B /* Ordered */ = {
			isa = PBXGroup;
			children = (
				0FEC8D5920379AC600F21F8B /* Detail */,
				0FEC8D3920377B8E00F21F8B /* OrderedPresenter.swift */,
				0FEC8D3A20377B8E00F21F8B /* OrderedWorker.swift */,
				0FEC8D3B20377B8E00F21F8B /* OrderedRouter.swift */,
				0FEC8D3C20377B8E00F21F8B /* OrderedModels.swift */,
				0FEC8D3D20377B8E00F21F8B /* OrderedViewController.swift */,
				0FEC8D3E20377B8E00F21F8B /* OrderedInteractor.swift */,
			);
			path = Ordered;
			sourceTree = "<group>";
		};
		0FEC8D2C20377B3800F21F8B /* Order */ = {
			isa = PBXGroup;
			children = (
				0FEC8D6620379AFF00F21F8B /* Detail */,
				0FEC8D2D20377B5500F21F8B /* OrderPresenter.swift */,
				0FEC8D2E20377B5500F21F8B /* OrderWorker.swift */,
				0FEC8D2F20377B5500F21F8B /* OrderRouter.swift */,
				0FEC8D3020377B5500F21F8B /* OrderModels.swift */,
				0FEC8D3120377B5500F21F8B /* OrderViewController.swift */,
				0FEC8D3220377B5500F21F8B /* OrderInteractor.swift */,
			);
			path = Order;
			sourceTree = "<group>";
		};
		0FEC8D47203781C500F21F8B /* TSTitleView */ = {
			isa = PBXGroup;
			children = (
				0FEC8D48203781C500F21F8B /* TSTitleView.xib */,
				0FEC8D49203781C500F21F8B /* TSTitleView.swift */,
			);
			path = TSTitleView;
			sourceTree = "<group>";
		};
		0FEC8D4C2037995800F21F8B /* Profile */ = {
			isa = PBXGroup;
			children = (
				0FEC8D4D2037996600F21F8B /* ProfilePresenter.swift */,
				0FEC8D4E2037996600F21F8B /* ProfileWorker.swift */,
				0FEC8D4F2037996600F21F8B /* ProfileRouter.swift */,
				0FEC8D502037996600F21F8B /* ProfileModels.swift */,
				0FEC8D512037996600F21F8B /* ProfileViewController.swift */,
				0FEC8D522037996600F21F8B /* ProfileInteractor.swift */,
			);
			path = Profile;
			sourceTree = "<group>";
		};
		0FEC8D5920379AC600F21F8B /* Detail */ = {
			isa = PBXGroup;
			children = (
				0FEC8D5A20379ADB00F21F8B /* OrderedDetailPresenter.swift */,
				0FEC8D5B20379ADB00F21F8B /* OrderedDetailWorker.swift */,
				0FEC8D5C20379ADB00F21F8B /* OrderedDetailRouter.swift */,
				0FEC8D5D20379ADB00F21F8B /* OrderedDetailModels.swift */,
				0FEC8D5E20379ADB00F21F8B /* OrderedDetailViewController.swift */,
				0FEC8D5F20379ADB00F21F8B /* OrderedDetailInteractor.swift */,
			);
			path = Detail;
			sourceTree = "<group>";
		};
		0FEC8D6620379AFF00F21F8B /* Detail */ = {
			isa = PBXGroup;
			children = (
				0FEC8D6720379B1100F21F8B /* OrderDetailPresenter.swift */,
				0FEC8D6820379B1100F21F8B /* OrderDetailWorker.swift */,
				0FEC8D6920379B1100F21F8B /* OrderDetailRouter.swift */,
				0FEC8D6A20379B1100F21F8B /* OrderDetailModels.swift */,
				0FEC8D6B20379B1100F21F8B /* OrderDetailViewController.swift */,
				0FEC8D6C20379B1100F21F8B /* OrderDetailInteractor.swift */,
			);
			path = Detail;
			sourceTree = "<group>";
		};
		0FF8966D20377477008FAA26 /* Managers */ = {
			isa = PBXGroup;
			children = (
				0FF8966E20377483008FAA26 /* App Manager */,
				0FE416E020395D1200D280DD /* Data Manager */,
			);
			path = Managers;
			sourceTree = "<group>";
		};
		0FF8966E20377483008FAA26 /* App Manager */ = {
			isa = PBXGroup;
			children = (
				0FF8966F20377491008FAA26 /* AppManager.swift */,
			);
			path = "App Manager";
			sourceTree = "<group>";
		};
		0FF89671203774E3008FAA26 /* BaseModels */ = {
			isa = PBXGroup;
			children = (
				0FF89672203774F6008FAA26 /* Common.swift */,
			);
			path = BaseModels;
			sourceTree = "<group>";
		};
		0FF89674203775CE008FAA26 /* Picker */ = {
			isa = PBXGroup;
			children = (
				0FF89675203775DB008FAA26 /* PickerPresenter.swift */,
				0FF89676203775DB008FAA26 /* PickerWorker.swift */,
				0FF89677203775DB008FAA26 /* PickerRouter.swift */,
				0FF89678203775DB008FAA26 /* PickerModels.swift */,
				0FF89679203775DB008FAA26 /* PickerViewController.swift */,
				0FF8967A203775DB008FAA26 /* PickerInteractor.swift */,
			);
			path = Picker;
			sourceTree = "<group>";
		};
		0FF89681203775E5008FAA26 /* Carrier */ = {
			isa = PBXGroup;
			children = (
				0FF89682203775F3008FAA26 /* CarrierPresenter.swift */,
				0FF89683203775F3008FAA26 /* CarrierWorker.swift */,
				0FF89684203775F3008FAA26 /* CarrierRouter.swift */,
				0FF89685203775F3008FAA26 /* CarrierModels.swift */,
				0FF89686203775F3008FAA26 /* CarrierViewController.swift */,
				0FF89687203775F3008FAA26 /* CarrierInteractor.swift */,
			);
			path = Carrier;
			sourceTree = "<group>";
		};
		0FF8969020377722008FAA26 /* LoadingView */ = {
			isa = PBXGroup;
			children = (
				0FF8969120377722008FAA26 /* LoadingView.xib */,
				0FF8969220377722008FAA26 /* LoadingView.swift */,
			);
			path = LoadingView;
			sourceTree = "<group>";
		};
		0FFEF99B2037A9DA00B5A4D5 /* Network */ = {
			isa = PBXGroup;
			children = (
				0FE416D52039581A00D280DD /* Response Models */,
				0FFEF99C2037AA1A00B5A4D5 /* AppAPI.swift */,
				0FFEF99E2037AABB00B5A4D5 /* NetworkProvider.swift */,
			);
			path = Network;
			sourceTree = "<group>";
		};
		181969B29F496ABFEE6E8694 /* Frameworks */ = {
			isa = PBXGroup;
			children = (
				435BFF81856C21488732AA32 /* Pods_GetirGotur.framework */,
				6BBE2E43B1C3FCB945C63AC1 /* Pods_GetirGoturUITests.framework */,
			);
			name = Frameworks;
			sourceTree = "<group>";
		};
		B0CE35FB3CF708CBED182A8F /* Pods */ = {
			isa = PBXGroup;
			children = (
				20D95A1CFE2FB915A713E8B8 /* Pods-GetirGotur.debug.xcconfig */,
				21B2887B259089F2FDBE8452 /* Pods-GetirGotur.release.xcconfig */,
				474F832BCA23D37A396293D1 /* Pods-GetirGoturUITests.debug.xcconfig */,
				0CF08FC15DF7A82D4663EF6B /* Pods-GetirGoturUITests.release.xcconfig */,
			);
			name = Pods;
			sourceTree = "<group>";
		};
/* End PBXGroup section */

/* Begin PBXNativeTarget section */
		0F55AD1120376D0500AAA930 /* GetirGotur */ = {
			isa = PBXNativeTarget;
			buildConfigurationList = 0F55AD2F20376D0500AAA930 /* Build configuration list for PBXNativeTarget "GetirGotur" */;
			buildPhases = (
				B0A00991E2BA7D7D7223DCD4 /* [CP] Check Pods Manifest.lock */,
				0F55AD0E20376D0500AAA930 /* Sources */,
				0F55AD0F20376D0500AAA930 /* Frameworks */,
				0F55AD1020376D0500AAA930 /* Resources */,
				12935FEAB0C42D77F48BA78A /* [CP] Embed Pods Frameworks */,
				10EF30352AB1EEA0DBFF60E1 /* [CP] Copy Pods Resources */,
			);
			buildRules = (
			);
			dependencies = (
			);
			name = GetirGotur;
			productName = GetirGotur;
			productReference = 0F55AD1220376D0500AAA930 /* GetirGotur.app */;
			productType = "com.apple.product-type.application";
		};
		0F55AD2520376D0500AAA930 /* GetirGoturUITests */ = {
			isa = PBXNativeTarget;
			buildConfigurationList = 0F55AD3220376D0500AAA930 /* Build configuration list for PBXNativeTarget "GetirGoturUITests" */;
			buildPhases = (
				AE3D4C59C183100A476311A6 /* [CP] Check Pods Manifest.lock */,
				0F55AD2220376D0500AAA930 /* Sources */,
				0F55AD2320376D0500AAA930 /* Frameworks */,
				0F55AD2420376D0500AAA930 /* Resources */,
				B3D5EEFAEA30A89F706AD238 /* [CP] Embed Pods Frameworks */,
				67009A31C1813DAAA42E2831 /* [CP] Copy Pods Resources */,
			);
			buildRules = (
			);
			dependencies = (
				0F55AD2820376D0500AAA930 /* PBXTargetDependency */,
			);
			name = GetirGoturUITests;
			productName = GetirGoturUITests;
			productReference = 0F55AD2620376D0500AAA930 /* GetirGoturUITests.xctest */;
			productType = "com.apple.product-type.bundle.ui-testing";
		};
/* End PBXNativeTarget section */

/* Begin PBXProject section */
		0F55AD0A20376D0500AAA930 /* Project object */ = {
			isa = PBXProject;
			attributes = {
				LastSwiftUpdateCheck = 0920;
				LastUpgradeCheck = 0920;
				ORGANIZATIONNAME = "KG Teknoloji";
				TargetAttributes = {
					0F55AD1120376D0500AAA930 = {
						CreatedOnToolsVersion = 9.2;
						ProvisioningStyle = Automatic;
					};
					0F55AD2520376D0500AAA930 = {
						CreatedOnToolsVersion = 9.2;
						ProvisioningStyle = Automatic;
						TestTargetID = 0F55AD1120376D0500AAA930;
					};
				};
			};
			buildConfigurationList = 0F55AD0D20376D0500AAA930 /* Build configuration list for PBXProject "GetirGotur" */;
			compatibilityVersion = "Xcode 8.0";
			developmentRegion = en;
			hasScannedForEncodings = 0;
			knownRegions = (
				en,
				Base,
			);
			mainGroup = 0F55AD0920376D0500AAA930;
			productRefGroup = 0F55AD1320376D0500AAA930 /* Products */;
			projectDirPath = "";
			projectRoot = "";
			targets = (
				0F55AD1120376D0500AAA930 /* GetirGotur */,
				0F55AD2520376D0500AAA930 /* GetirGoturUITests */,
			);
		};
/* End PBXProject section */

/* Begin PBXResourcesBuildPhase section */
		0F55AD1020376D0500AAA930 /* Resources */ = {
			isa = PBXResourcesBuildPhase;
			buildActionMask = 2147483647;
			files = (
				0FFEF99A2037A1F900B5A4D5 /* readme in Resources */,
				0FE416D920395C7D00D280DD /* data.json in Resources */,
				0FEC8D4A203781C500F21F8B /* TSTitleView.xib in Resources */,
				0FF8966C20377112008FAA26 /* Main.storyboard in Resources */,
				0FF8969320377722008FAA26 /* LoadingView.xib in Resources */,
				0F55AD2020376D0500AAA930 /* LaunchScreen.storyboard in Resources */,
				0F55AD1D20376D0500AAA930 /* Assets.xcassets in Resources */,
			);
			runOnlyForDeploymentPostprocessing = 0;
		};
		0F55AD2420376D0500AAA930 /* Resources */ = {
			isa = PBXResourcesBuildPhase;
			buildActionMask = 2147483647;
			files = (
			);
			runOnlyForDeploymentPostprocessing = 0;
		};
/* End PBXResourcesBuildPhase section */

/* Begin PBXShellScriptBuildPhase section */
		10EF30352AB1EEA0DBFF60E1 /* [CP] Copy Pods Resources */ = {
			isa = PBXShellScriptBuildPhase;
			buildActionMask = 2147483647;
			files = (
			);
			inputPaths = (
			);
			name = "[CP] Copy Pods Resources";
			outputPaths = (
			);
			runOnlyForDeploymentPostprocessing = 0;
			shellPath = /bin/sh;
			shellScript = "\"${SRCROOT}/Pods/Target Support Files/Pods-GetirGotur/Pods-GetirGotur-resources.sh\"\n";
			showEnvVarsInLog = 0;
		};
		12935FEAB0C42D77F48BA78A /* [CP] Embed Pods Frameworks */ = {
			isa = PBXShellScriptBuildPhase;
			buildActionMask = 2147483647;
			files = (
			);
			inputPaths = (
				"${SRCROOT}/Pods/Target Support Files/Pods-GetirGotur/Pods-GetirGotur-frameworks.sh",
				"${BUILT_PRODUCTS_DIR}/Alamofire/Alamofire.framework",
				"${BUILT_PRODUCTS_DIR}/Marshal/Marshal.framework",
				"${BUILT_PRODUCTS_DIR}/Moya/Moya.framework",
				"${BUILT_PRODUCTS_DIR}/NVActivityIndicatorView/NVActivityIndicatorView.framework",
				"${BUILT_PRODUCTS_DIR}/PureLayout/PureLayout.framework",
				"${BUILT_PRODUCTS_DIR}/Result/Result.framework",
			);
			name = "[CP] Embed Pods Frameworks";
			outputPaths = (
				"${TARGET_BUILD_DIR}/${FRAMEWORKS_FOLDER_PATH}/Alamofire.framework",
				"${TARGET_BUILD_DIR}/${FRAMEWORKS_FOLDER_PATH}/Marshal.framework",
				"${TARGET_BUILD_DIR}/${FRAMEWORKS_FOLDER_PATH}/Moya.framework",
				"${TARGET_BUILD_DIR}/${FRAMEWORKS_FOLDER_PATH}/NVActivityIndicatorView.framework",
				"${TARGET_BUILD_DIR}/${FRAMEWORKS_FOLDER_PATH}/PureLayout.framework",
				"${TARGET_BUILD_DIR}/${FRAMEWORKS_FOLDER_PATH}/Result.framework",
			);
			runOnlyForDeploymentPostprocessing = 0;
			shellPath = /bin/sh;
			shellScript = "\"${SRCROOT}/Pods/Target Support Files/Pods-GetirGotur/Pods-GetirGotur-frameworks.sh\"\n";
			showEnvVarsInLog = 0;
		};
		67009A31C1813DAAA42E2831 /* [CP] Copy Pods Resources */ = {
			isa = PBXShellScriptBuildPhase;
			buildActionMask = 2147483647;
			files = (
			);
			inputPaths = (
			);
			name = "[CP] Copy Pods Resources";
			outputPaths = (
			);
			runOnlyForDeploymentPostprocessing = 0;
			shellPath = /bin/sh;
			shellScript = "\"${SRCROOT}/Pods/Target Support Files/Pods-GetirGoturUITests/Pods-GetirGoturUITests-resources.sh\"\n";
			showEnvVarsInLog = 0;
		};
		AE3D4C59C183100A476311A6 /* [CP] Check Pods Manifest.lock */ = {
			isa = PBXShellScriptBuildPhase;
			buildActionMask = 2147483647;
			files = (
			);
			inputPaths = (
				"${PODS_PODFILE_DIR_PATH}/Podfile.lock",
				"${PODS_ROOT}/Manifest.lock",
			);
			name = "[CP] Check Pods Manifest.lock";
			outputPaths = (
				"$(DERIVED_FILE_DIR)/Pods-GetirGoturUITests-checkManifestLockResult.txt",
			);
			runOnlyForDeploymentPostprocessing = 0;
			shellPath = /bin/sh;
			shellScript = "diff \"${PODS_PODFILE_DIR_PATH}/Podfile.lock\" \"${PODS_ROOT}/Manifest.lock\" > /dev/null\nif [ $? != 0 ] ; then\n    # print error to STDERR\n    echo \"error: The sandbox is not in sync with the Podfile.lock. Run 'pod install' or update your CocoaPods installation.\" >&2\n    exit 1\nfi\n# This output is used by Xcode 'outputs' to avoid re-running this script phase.\necho \"SUCCESS\" > \"${SCRIPT_OUTPUT_FILE_0}\"\n";
			showEnvVarsInLog = 0;
		};
		B0A00991E2BA7D7D7223DCD4 /* [CP] Check Pods Manifest.lock */ = {
			isa = PBXShellScriptBuildPhase;
			buildActionMask = 2147483647;
			files = (
			);
			inputPaths = (
				"${PODS_PODFILE_DIR_PATH}/Podfile.lock",
				"${PODS_ROOT}/Manifest.lock",
			);
			name = "[CP] Check Pods Manifest.lock";
			outputPaths = (
				"$(DERIVED_FILE_DIR)/Pods-GetirGotur-checkManifestLockResult.txt",
			);
			runOnlyForDeploymentPostprocessing = 0;
			shellPath = /bin/sh;
			shellScript = "diff \"${PODS_PODFILE_DIR_PATH}/Podfile.lock\" \"${PODS_ROOT}/Manifest.lock\" > /dev/null\nif [ $? != 0 ] ; then\n    # print error to STDERR\n    echo \"error: The sandbox is not in sync with the Podfile.lock. Run 'pod install' or update your CocoaPods installation.\" >&2\n    exit 1\nfi\n# This output is used by Xcode 'outputs' to avoid re-running this script phase.\necho \"SUCCESS\" > \"${SCRIPT_OUTPUT_FILE_0}\"\n";
			showEnvVarsInLog = 0;
		};
		B3D5EEFAEA30A89F706AD238 /* [CP] Embed Pods Frameworks */ = {
			isa = PBXShellScriptBuildPhase;
			buildActionMask = 2147483647;
			files = (
			);
			inputPaths = (
			);
			name = "[CP] Embed Pods Frameworks";
			outputPaths = (
			);
			runOnlyForDeploymentPostprocessing = 0;
			shellPath = /bin/sh;
			shellScript = "\"${SRCROOT}/Pods/Target Support Files/Pods-GetirGoturUITests/Pods-GetirGoturUITests-frameworks.sh\"\n";
			showEnvVarsInLog = 0;
		};
/* End PBXShellScriptBuildPhase section */

/* Begin PBXSourcesBuildPhase section */
		0F55AD0E20376D0500AAA930 /* Sources */ = {
			isa = PBXSourcesBuildPhase;
			buildActionMask = 2147483647;
			files = (
				0FF8968A203775F3008FAA26 /* CarrierRouter.swift in Sources */,
				0F776E7A203968460044306C /* GGDeliverOptions.swift in Sources */,
				0F55AD1820376D0500AAA930 /* ViewController.swift in Sources */,
				0F55AD4520376F8500AAA930 /* LandingViewController.swift in Sources */,
				0F55AD4620376F8500AAA930 /* LandingInteractor.swift in Sources */,
				0F776E88203987230044306C /* NotificationsInteractor.swift in Sources */,
				0FEC8D4320377B8E00F21F8B /* OrderedViewController.swift in Sources */,
				0FEC8D6220379ADB00F21F8B /* OrderedDetailRouter.swift in Sources */,
				0F776E91203988890044306C /* MyOrdersWorker.swift in Sources */,
				0FEC8D3620377B5500F21F8B /* OrderModels.swift in Sources */,
				0F55AD4320376F8500AAA930 /* LandingRouter.swift in Sources */,
				0F776E79203968460044306C /* GGUsers.swift in Sources */,
				0FF89673203774F6008FAA26 /* Common.swift in Sources */,
				0FEC8D462037802300F21F8B /* BaseNavigationController.swift in Sources */,
				0FEC8D6520379ADB00F21F8B /* OrderedDetailInteractor.swift in Sources */,
				0FE416E220395D2A00D280DD /* DataManager.swift in Sources */,
				0FEC8D3820377B5500F21F8B /* OrderInteractor.swift in Sources */,
				0FF8968B203775F3008FAA26 /* CarrierModels.swift in Sources */,
				0FEC8D6120379ADB00F21F8B /* OrderedDetailWorker.swift in Sources */,
				0F55AD4220376F8500AAA930 /* LandingWorker.swift in Sources */,
				0F776E93203988890044306C /* MyOrdersModels.swift in Sources */,
				0F60E5E9203770C50058FC0A /* Extensions.swift in Sources */,
				0FF89688203775F3008FAA26 /* CarrierPresenter.swift in Sources */,
				0FF8967D203775DB008FAA26 /* PickerRouter.swift in Sources */,
				0FEC8D6F20379B1100F21F8B /* OrderDetailRouter.swift in Sources */,
				0FEC8D6320379ADB00F21F8B /* OrderedDetailModels.swift in Sources */,
				0FEC8D1D20377A7000F21F8B /* BaseTabBarController.swift in Sources */,
				0FEC8D582037996600F21F8B /* ProfileInteractor.swift in Sources */,
				0FEC8D542037996600F21F8B /* ProfileWorker.swift in Sources */,
				0F776E95203988890044306C /* MyOrdersInteractor.swift in Sources */,
				0FF8969420377722008FAA26 /* LoadingView.swift in Sources */,
				0FF8967C203775DB008FAA26 /* PickerWorker.swift in Sources */,
				0F55AD4420376F8500AAA930 /* LandingModels.swift in Sources */,
				0FFEF99F2037AABB00B5A4D5 /* NetworkProvider.swift in Sources */,
				0FEC8D3520377B5500F21F8B /* OrderRouter.swift in Sources */,
				0FEC8D3F20377B8E00F21F8B /* OrderedPresenter.swift in Sources */,
				0F776E86203987230044306C /* NotificationsModels.swift in Sources */,
				0FEC8D6020379ADB00F21F8B /* OrderedDetailPresenter.swift in Sources */,
				0FF8968D203775F3008FAA26 /* CarrierInteractor.swift in Sources */,
				0FEC8D6E20379B1100F21F8B /* OrderDetailWorker.swift in Sources */,
				0FF8967020377491008FAA26 /* AppManager.swift in Sources */,
				0FF8967B203775DB008FAA26 /* PickerPresenter.swift in Sources */,
				0FF89680203775DB008FAA26 /* PickerInteractor.swift in Sources */,
				0FEC8D4220377B8E00F21F8B /* OrderedModels.swift in Sources */,
				0FF8968C203775F3008FAA26 /* CarrierViewController.swift in Sources */,
				0FEC8D6420379ADB00F21F8B /* OrderedDetailViewController.swift in Sources */,
				0FEC8D4B203781C500F21F8B /* TSTitleView.swift in Sources */,
				0F776E7B203968460044306C /* GGResponseModel.swift in Sources */,
				0FEC8D6D20379B1100F21F8B /* OrderDetailPresenter.swift in Sources */,
				0F55AD4120376F8500AAA930 /* LandingPresenter.swift in Sources */,
				0F776E85203987230044306C /* NotificationsRouter.swift in Sources */,
				0FEC8D7120379B1100F21F8B /* OrderDetailViewController.swift in Sources */,
				0FEC8D7020379B1100F21F8B /* OrderDetailModels.swift in Sources */,
				0F55AD1620376D0500AAA930 /* AppDelegate.swift in Sources */,
				0FEC8D4420377B8E00F21F8B /* OrderedInteractor.swift in Sources */,
				0FEC8D552037996600F21F8B /* ProfileRouter.swift in Sources */,
				0FEC8D562037996600F21F8B /* ProfileModels.swift in Sources */,
				0FF8968F20377703008FAA26 /* BaseViewController.swift in Sources */,
				0FEC8D3720377B5500F21F8B /* OrderViewController.swift in Sources */,
				0F776E78203968460044306C /* GGDeliveryRequests.swift in Sources */,
				0FEC8D4120377B8E00F21F8B /* OrderedRouter.swift in Sources */,
				0FF89689203775F3008FAA26 /* CarrierWorker.swift in Sources */,
				0F776E87203987230044306C /* NotificationsViewController.swift in Sources */,
				0F776E84203987230044306C /* NotificationsWorker.swift in Sources */,
				0F776E83203987230044306C /* NotificationsPresenter.swift in Sources */,
				0FFEF99D2037AA1A00B5A4D5 /* AppAPI.swift in Sources */,
				0FEC8D572037996600F21F8B /* ProfileViewController.swift in Sources */,
				0F60E5E6203770C50058FC0A /* Globals.swift in Sources */,
				0F776E94203988890044306C /* MyOrdersViewController.swift in Sources */,
				0FF8967E203775DB008FAA26 /* PickerModels.swift in Sources */,
				0FEC8D4020377B8E00F21F8B /* OrderedWorker.swift in Sources */,
				0FEC8D532037996600F21F8B /* ProfilePresenter.swift in Sources */,
				0F776E90203988890044306C /* MyOrdersPresenter.swift in Sources */,
				0FF8967F203775DB008FAA26 /* PickerViewController.swift in Sources */,
				0FEC8D3420377B5500F21F8B /* OrderWorker.swift in Sources */,
				0FEC8D7220379B1100F21F8B /* OrderDetailInteractor.swift in Sources */,
				0FEC8D3320377B5500F21F8B /* OrderPresenter.swift in Sources */,
				0F776E92203988890044306C /* MyOrdersRouter.swift in Sources */,
			);
			runOnlyForDeploymentPostprocessing = 0;
		};
		0F55AD2220376D0500AAA930 /* Sources */ = {
			isa = PBXSourcesBuildPhase;
			buildActionMask = 2147483647;
			files = (
				0F55AD2B20376D0500AAA930 /* GetirGoturUITests.swift in Sources */,
			);
			runOnlyForDeploymentPostprocessing = 0;
		};
/* End PBXSourcesBuildPhase section */

/* Begin PBXTargetDependency section */
		0F55AD2820376D0500AAA930 /* PBXTargetDependency */ = {
			isa = PBXTargetDependency;
			target = 0F55AD1120376D0500AAA930 /* GetirGotur */;
			targetProxy = 0F55AD2720376D0500AAA930 /* PBXContainerItemProxy */;
		};
/* End PBXTargetDependency section */

/* Begin PBXVariantGroup section */
		0F55AD1E20376D0500AAA930 /* LaunchScreen.storyboard */ = {
			isa = PBXVariantGroup;
			children = (
				0F55AD1F20376D0500AAA930 /* Base */,
			);
			name = LaunchScreen.storyboard;
			sourceTree = "<group>";
		};
/* End PBXVariantGroup section */

/* Begin XCBuildConfiguration section */
		0F55AD2D20376D0500AAA930 /* Debug */ = {
			isa = XCBuildConfiguration;
			buildSettings = {
				ALWAYS_SEARCH_USER_PATHS = NO;
				CLANG_ANALYZER_NONNULL = YES;
				CLANG_ANALYZER_NUMBER_OBJECT_CONVERSION = YES_AGGRESSIVE;
				CLANG_CXX_LANGUAGE_STANDARD = "gnu++14";
				CLANG_CXX_LIBRARY = "libc++";
				CLANG_ENABLE_MODULES = YES;
				CLANG_ENABLE_OBJC_ARC = YES;
				CLANG_WARN_BLOCK_CAPTURE_AUTORELEASING = YES;
				CLANG_WARN_BOOL_CONVERSION = YES;
				CLANG_WARN_COMMA = YES;
				CLANG_WARN_CONSTANT_CONVERSION = YES;
				CLANG_WARN_DIRECT_OBJC_ISA_USAGE = YES_ERROR;
				CLANG_WARN_DOCUMENTATION_COMMENTS = YES;
				CLANG_WARN_EMPTY_BODY = YES;
				CLANG_WARN_ENUM_CONVERSION = YES;
				CLANG_WARN_INFINITE_RECURSION = YES;
				CLANG_WARN_INT_CONVERSION = YES;
				CLANG_WARN_NON_LITERAL_NULL_CONVERSION = YES;
				CLANG_WARN_OBJC_LITERAL_CONVERSION = YES;
				CLANG_WARN_OBJC_ROOT_CLASS = YES_ERROR;
				CLANG_WARN_RANGE_LOOP_ANALYSIS = YES;
				CLANG_WARN_STRICT_PROTOTYPES = YES;
				CLANG_WARN_SUSPICIOUS_MOVE = YES;
				CLANG_WARN_UNGUARDED_AVAILABILITY = YES_AGGRESSIVE;
				CLANG_WARN_UNREACHABLE_CODE = YES;
				CLANG_WARN__DUPLICATE_METHOD_MATCH = YES;
				CODE_SIGN_IDENTITY = "iPhone Developer";
				COPY_PHASE_STRIP = NO;
				DEBUG_INFORMATION_FORMAT = dwarf;
				ENABLE_STRICT_OBJC_MSGSEND = YES;
				ENABLE_TESTABILITY = YES;
				GCC_C_LANGUAGE_STANDARD = gnu11;
				GCC_DYNAMIC_NO_PIC = NO;
				GCC_NO_COMMON_BLOCKS = YES;
				GCC_OPTIMIZATION_LEVEL = 0;
				GCC_PREPROCESSOR_DEFINITIONS = (
					"DEBUG=1",
					"$(inherited)",
				);
				GCC_WARN_64_TO_32_BIT_CONVERSION = YES;
				GCC_WARN_ABOUT_RETURN_TYPE = YES_ERROR;
				GCC_WARN_UNDECLARED_SELECTOR = YES;
				GCC_WARN_UNINITIALIZED_AUTOS = YES_AGGRESSIVE;
				GCC_WARN_UNUSED_FUNCTION = YES;
				GCC_WARN_UNUSED_VARIABLE = YES;
				IPHONEOS_DEPLOYMENT_TARGET = 11.2;
				MTL_ENABLE_DEBUG_INFO = YES;
				ONLY_ACTIVE_ARCH = YES;
				SDKROOT = iphoneos;
				SWIFT_ACTIVE_COMPILATION_CONDITIONS = DEBUG;
				SWIFT_OPTIMIZATION_LEVEL = "-Onone";
			};
			name = Debug;
		};
		0F55AD2E20376D0500AAA930 /* Release */ = {
			isa = XCBuildConfiguration;
			buildSettings = {
				ALWAYS_SEARCH_USER_PATHS = NO;
				CLANG_ANALYZER_NONNULL = YES;
				CLANG_ANALYZER_NUMBER_OBJECT_CONVERSION = YES_AGGRESSIVE;
				CLANG_CXX_LANGUAGE_STANDARD = "gnu++14";
				CLANG_CXX_LIBRARY = "libc++";
				CLANG_ENABLE_MODULES = YES;
				CLANG_ENABLE_OBJC_ARC = YES;
				CLANG_WARN_BLOCK_CAPTURE_AUTORELEASING = YES;
				CLANG_WARN_BOOL_CONVERSION = YES;
				CLANG_WARN_COMMA = YES;
				CLANG_WARN_CONSTANT_CONVERSION = YES;
				CLANG_WARN_DIRECT_OBJC_ISA_USAGE = YES_ERROR;
				CLANG_WARN_DOCUMENTATION_COMMENTS = YES;
				CLANG_WARN_EMPTY_BODY = YES;
				CLANG_WARN_ENUM_CONVERSION = YES;
				CLANG_WARN_INFINITE_RECURSION = YES;
				CLANG_WARN_INT_CONVERSION = YES;
				CLANG_WARN_NON_LITERAL_NULL_CONVERSION = YES;
				CLANG_WARN_OBJC_LITERAL_CONVERSION = YES;
				CLANG_WARN_OBJC_ROOT_CLASS = YES_ERROR;
				CLANG_WARN_RANGE_LOOP_ANALYSIS = YES;
				CLANG_WARN_STRICT_PROTOTYPES = YES;
				CLANG_WARN_SUSPICIOUS_MOVE = YES;
				CLANG_WARN_UNGUARDED_AVAILABILITY = YES_AGGRESSIVE;
				CLANG_WARN_UNREACHABLE_CODE = YES;
				CLANG_WARN__DUPLICATE_METHOD_MATCH = YES;
				CODE_SIGN_IDENTITY = "iPhone Developer";
				COPY_PHASE_STRIP = NO;
				DEBUG_INFORMATION_FORMAT = "dwarf-with-dsym";
				ENABLE_NS_ASSERTIONS = NO;
				ENABLE_STRICT_OBJC_MSGSEND = YES;
				GCC_C_LANGUAGE_STANDARD = gnu11;
				GCC_NO_COMMON_BLOCKS = YES;
				GCC_WARN_64_TO_32_BIT_CONVERSION = YES;
				GCC_WARN_ABOUT_RETURN_TYPE = YES_ERROR;
				GCC_WARN_UNDECLARED_SELECTOR = YES;
				GCC_WARN_UNINITIALIZED_AUTOS = YES_AGGRESSIVE;
				GCC_WARN_UNUSED_FUNCTION = YES;
				GCC_WARN_UNUSED_VARIABLE = YES;
				IPHONEOS_DEPLOYMENT_TARGET = 11.2;
				MTL_ENABLE_DEBUG_INFO = NO;
				SDKROOT = iphoneos;
				SWIFT_OPTIMIZATION_LEVEL = "-Owholemodule";
				VALIDATE_PRODUCT = YES;
			};
			name = Release;
		};
		0F55AD3020376D0500AAA930 /* Debug */ = {
			isa = XCBuildConfiguration;
			baseConfigurationReference = 20D95A1CFE2FB915A713E8B8 /* Pods-GetirGotur.debug.xcconfig */;
			buildSettings = {
				ASSETCATALOG_COMPILER_APPICON_NAME = AppIcon;
				CODE_SIGN_STYLE = Automatic;
				DEVELOPMENT_TEAM = J9ASC95FMJ;
				INFOPLIST_FILE = GetirGotur/Info.plist;
				LD_RUNPATH_SEARCH_PATHS = "$(inherited) @executable_path/Frameworks";
				PRODUCT_BUNDLE_IDENTIFIER = kgteknoloji.GetirGotur;
				PRODUCT_NAME = "$(TARGET_NAME)";
				SWIFT_VERSION = 4.0;
				TARGETED_DEVICE_FAMILY = "1,2";
			};
			name = Debug;
		};
		0F55AD3120376D0500AAA930 /* Release */ = {
			isa = XCBuildConfiguration;
			baseConfigurationReference = 21B2887B259089F2FDBE8452 /* Pods-GetirGotur.release.xcconfig */;
			buildSettings = {
				ASSETCATALOG_COMPILER_APPICON_NAME = AppIcon;
				CODE_SIGN_STYLE = Automatic;
				DEVELOPMENT_TEAM = J9ASC95FMJ;
				INFOPLIST_FILE = GetirGotur/Info.plist;
				LD_RUNPATH_SEARCH_PATHS = "$(inherited) @executable_path/Frameworks";
				PRODUCT_BUNDLE_IDENTIFIER = kgteknoloji.GetirGotur;
				PRODUCT_NAME = "$(TARGET_NAME)";
				SWIFT_VERSION = 4.0;
				TARGETED_DEVICE_FAMILY = "1,2";
			};
			name = Release;
		};
		0F55AD3320376D0500AAA930 /* Debug */ = {
			isa = XCBuildConfiguration;
			baseConfigurationReference = 474F832BCA23D37A396293D1 /* Pods-GetirGoturUITests.debug.xcconfig */;
			buildSettings = {
				ALWAYS_EMBED_SWIFT_STANDARD_LIBRARIES = YES;
				CODE_SIGN_STYLE = Automatic;
				INFOPLIST_FILE = GetirGoturUITests/Info.plist;
				LD_RUNPATH_SEARCH_PATHS = "$(inherited) @executable_path/Frameworks @loader_path/Frameworks";
				PRODUCT_BUNDLE_IDENTIFIER = kgteknoloji.GetirGoturUITests;
				PRODUCT_NAME = "$(TARGET_NAME)";
				SWIFT_VERSION = 4.0;
				TARGETED_DEVICE_FAMILY = "1,2";
				TEST_TARGET_NAME = GetirGotur;
			};
			name = Debug;
		};
		0F55AD3420376D0500AAA930 /* Release */ = {
			isa = XCBuildConfiguration;
			baseConfigurationReference = 0CF08FC15DF7A82D4663EF6B /* Pods-GetirGoturUITests.release.xcconfig */;
			buildSettings = {
				ALWAYS_EMBED_SWIFT_STANDARD_LIBRARIES = YES;
				CODE_SIGN_STYLE = Automatic;
				INFOPLIST_FILE = GetirGoturUITests/Info.plist;
				LD_RUNPATH_SEARCH_PATHS = "$(inherited) @executable_path/Frameworks @loader_path/Frameworks";
				PRODUCT_BUNDLE_IDENTIFIER = kgteknoloji.GetirGoturUITests;
				PRODUCT_NAME = "$(TARGET_NAME)";
				SWIFT_VERSION = 4.0;
				TARGETED_DEVICE_FAMILY = "1,2";
				TEST_TARGET_NAME = GetirGotur;
			};
			name = Release;
		};
/* End XCBuildConfiguration section */

/* Begin XCConfigurationList section */
		0F55AD0D20376D0500AAA930 /* Build configuration list for PBXProject "GetirGotur" */ = {
			isa = XCConfigurationList;
			buildConfigurations = (
				0F55AD2D20376D0500AAA930 /* Debug */,
				0F55AD2E20376D0500AAA930 /* Release */,
			);
			defaultConfigurationIsVisible = 0;
			defaultConfigurationName = Release;
		};
		0F55AD2F20376D0500AAA930 /* Build configuration list for PBXNativeTarget "GetirGotur" */ = {
			isa = XCConfigurationList;
			buildConfigurations = (
				0F55AD3020376D0500AAA930 /* Debug */,
				0F55AD3120376D0500AAA930 /* Release */,
			);
			defaultConfigurationIsVisible = 0;
			defaultConfigurationName = Release;
		};
		0F55AD3220376D0500AAA930 /* Build configuration list for PBXNativeTarget "GetirGoturUITests" */ = {
			isa = XCConfigurationList;
			buildConfigurations = (
				0F55AD3320376D0500AAA930 /* Debug */,
				0F55AD3420376D0500AAA930 /* Release */,
			);
			defaultConfigurationIsVisible = 0;
			defaultConfigurationName = Release;
		};
/* End XCConfigurationList section */
	};
	rootObject = 0F55AD0A20376D0500AAA930 /* Project object */;
}
